// !$*UTF8*$!
{
	archiveVersion = 1;
	classes = {
	};
	objectVersion = 46;
	objects = {

/* Begin PBXBuildFile section */
		D52D459E1EF91737008353AB /* RootViewController.swift in Sources */ = {isa = PBXBuildFile; fileRef = D52D459D1EF91737008353AB /* RootViewController.swift */; };
		D5371A6C1F057DF700B81A89 /* HomeViewControllerNew.swift in Sources */ = {isa = PBXBuildFile; fileRef = D5371A6B1F057DF700B81A89 /* HomeViewControllerNew.swift */; };
		D5371A6E1F06747100B81A89 /* InnholdViewController.swift in Sources */ = {isa = PBXBuildFile; fileRef = D5371A6D1F06747100B81A89 /* InnholdViewController.swift */; };
		D5371A701F06748800B81A89 /* GlemteEnheterViewController.swift in Sources */ = {isa = PBXBuildFile; fileRef = D5371A6F1F06748800B81A89 /* GlemteEnheterViewController.swift */; };
		D5371A721F0A7BB000B81A89 /* PlanPartyViewController.swift in Sources */ = {isa = PBXBuildFile; fileRef = D5371A711F0A7BB000B81A89 /* PlanPartyViewController.swift */; };
		D5371A741F0A858C00B81A89 /* UnitAddedDao.swift in Sources */ = {isa = PBXBuildFile; fileRef = D5371A731F0A858C00B81A89 /* UnitAddedDao.swift */; };
		D5371A761F0A87B800B81A89 /* StartEndTimestampsDao.swift in Sources */ = {isa = PBXBuildFile; fileRef = D5371A751F0A87B800B81A89 /* StartEndTimestampsDao.swift */; };
		D5371A781F0A912500B81A89 /* PartyViewController.swift in Sources */ = {isa = PBXBuildFile; fileRef = D5371A771F0A912500B81A89 /* PartyViewController.swift */; };
		D5371A7A1F0AC46E00B81A89 /* DrinkEpisodeViewController.swift in Sources */ = {isa = PBXBuildFile; fileRef = D5371A791F0AC46E00B81A89 /* DrinkEpisodeViewController.swift */; };
		D5371A7E1F0AC92D00B81A89 /* StatusNew.swift in Sources */ = {isa = PBXBuildFile; fileRef = D5371A7D1F0AC92D00B81A89 /* StatusNew.swift */; };
		D5371A811F0D1B9100B81A89 /* TipsPageViewController.swift in Sources */ = {isa = PBXBuildFile; fileRef = D5371A801F0D1B9100B81A89 /* TipsPageViewController.swift */; };
		D5371A851F0D1BD900B81A89 /* DayAfterViewController.swift in Sources */ = {isa = PBXBuildFile; fileRef = D5371A841F0D1BD900B81A89 /* DayAfterViewController.swift */; };
		D5371A871F0D845C00B81A89 /* UnitViewController.swift in Sources */ = {isa = PBXBuildFile; fileRef = D5371A861F0D845C00B81A89 /* UnitViewController.swift */; };
		D5958E1F1D29A194004FC6A3 /* AppColors.swift in Sources */ = {isa = PBXBuildFile; fileRef = D5958E1E1D29A194004FC6A3 /* AppColors.swift */; };
		D5958E211D29A21C004FC6A3 /* StringExtension.swift in Sources */ = {isa = PBXBuildFile; fileRef = D5958E201D29A21C004FC6A3 /* StringExtension.swift */; };
		D5958E231D29A22D004FC6A3 /* StartEndTimeStamps.swift in Sources */ = {isa = PBXBuildFile; fileRef = D5958E221D29A22D004FC6A3 /* StartEndTimeStamps.swift */; };
		D5958E251D29A239004FC6A3 /* TerminatedTimeStamp.swift in Sources */ = {isa = PBXBuildFile; fileRef = D5958E241D29A239004FC6A3 /* TerminatedTimeStamp.swift */; };
		D5958E271D29A243004FC6A3 /* UserData.swift in Sources */ = {isa = PBXBuildFile; fileRef = D5958E261D29A243004FC6A3 /* UserData.swift */; };
		D5958E291D29A24E004FC6A3 /* TimeStamp2.swift in Sources */ = {isa = PBXBuildFile; fileRef = D5958E281D29A24E004FC6A3 /* TimeStamp2.swift */; };
		D5958E2B1D29A25A004FC6A3 /* TimeStamp.swift in Sources */ = {isa = PBXBuildFile; fileRef = D5958E2A1D29A25A004FC6A3 /* TimeStamp.swift */; };
		D5958E2D1D29A29A004FC6A3 /* GraphHistorikk.swift in Sources */ = {isa = PBXBuildFile; fileRef = D5958E2C1D29A29A004FC6A3 /* GraphHistorikk.swift */; };
		D5958E2F1D29A2A9004FC6A3 /* Historikk.swift in Sources */ = {isa = PBXBuildFile; fileRef = D5958E2E1D29A2A9004FC6A3 /* Historikk.swift */; };
		D5958E341D29A3DA004FC6A3 /* myCoreDataModel.xcdatamodeld in Sources */ = {isa = PBXBuildFile; fileRef = D5958E321D29A3DA004FC6A3 /* myCoreDataModel.xcdatamodeld */; };
		D5958E361D29A430004FC6A3 /* AppDelegate.swift in Sources */ = {isa = PBXBuildFile; fileRef = D5958E351D29A430004FC6A3 /* AppDelegate.swift */; };
		D5958E3C1D29A494004FC6A3 /* SkallMenyBrain.swift in Sources */ = {isa = PBXBuildFile; fileRef = D5958E3B1D29A494004FC6A3 /* SkallMenyBrain.swift */; };
		D5958E3E1D29A4C4004FC6A3 /* CoreDataMethods.swift in Sources */ = {isa = PBXBuildFile; fileRef = D5958E3D1D29A4C4004FC6A3 /* CoreDataMethods.swift */; };
		D5958E441D29A513004FC6A3 /* VelkommenViewController.swift in Sources */ = {isa = PBXBuildFile; fileRef = D5958E431D29A513004FC6A3 /* VelkommenViewController.swift */; };
		D5958E461D29A524004FC6A3 /* InformationViewController.swift in Sources */ = {isa = PBXBuildFile; fileRef = D5958E451D29A524004FC6A3 /* InformationViewController.swift */; };
		D5958E481D29A531004FC6A3 /* KostnaderViewController.swift in Sources */ = {isa = PBXBuildFile; fileRef = D5958E471D29A531004FC6A3 /* KostnaderViewController.swift */; };
		D5958E4A1D29A53F004FC6A3 /* SettMalViewController.swift in Sources */ = {isa = PBXBuildFile; fileRef = D5958E491D29A53F004FC6A3 /* SettMalViewController.swift */; };
		D5958E5C1D29A68D004FC6A3 /* webViewController.swift in Sources */ = {isa = PBXBuildFile; fileRef = D5958E5B1D29A68D004FC6A3 /* webViewController.swift */; };
		D5958E621D29A6AC004FC6A3 /* InfoDetailViewController.swift in Sources */ = {isa = PBXBuildFile; fileRef = D5958E611D29A6AC004FC6A3 /* InfoDetailViewController.swift */; };
		D5958E641D29A701004FC6A3 /* CustomHistorikkCellTableViewCell.swift in Sources */ = {isa = PBXBuildFile; fileRef = D5958E631D29A701004FC6A3 /* CustomHistorikkCellTableViewCell.swift */; };
		D5958E681D29A718004FC6A3 /* HistorikkViewController.swift in Sources */ = {isa = PBXBuildFile; fileRef = D5958E671D29A718004FC6A3 /* HistorikkViewController.swift */; };
		D5958E6A1D29A735004FC6A3 /* DagenDerpaViewController.swift in Sources */ = {isa = PBXBuildFile; fileRef = D5958E691D29A735004FC6A3 /* DagenDerpaViewController.swift */; };
		D5958E6C1D29A73E004FC6A3 /* MainDagenDerpaViewController.swift in Sources */ = {isa = PBXBuildFile; fileRef = D5958E6B1D29A73E004FC6A3 /* MainDagenDerpaViewController.swift */; };
		D5958E6E1D29A77D004FC6A3 /* MiddleUnitViewController.swift in Sources */ = {isa = PBXBuildFile; fileRef = D5958E6D1D29A77D004FC6A3 /* MiddleUnitViewController.swift */; };
		D5958E701D29A787004FC6A3 /* ChooseUnitViewController.swift in Sources */ = {isa = PBXBuildFile; fileRef = D5958E6F1D29A787004FC6A3 /* ChooseUnitViewController.swift */; };
		D5958E781D29A7C6004FC6A3 /* FirstViewController.swift in Sources */ = {isa = PBXBuildFile; fileRef = D5958E771D29A7C6004FC6A3 /* FirstViewController.swift */; };
		D5958E841D29A81F004FC6A3 /* HomeViewController.swift in Sources */ = {isa = PBXBuildFile; fileRef = D5958E831D29A81F004FC6A3 /* HomeViewController.swift */; };
		D5958E871D29A932004FC6A3 /* Main.storyboard in Resources */ = {isa = PBXBuildFile; fileRef = D5958E851D29A932004FC6A3 /* Main.storyboard */; };
		D5958E8A1D29A93D004FC6A3 /* Main.strings in Resources */ = {isa = PBXBuildFile; fileRef = D5958E881D29A93D004FC6A3 /* Main.strings */; };
		D5958E8D1D29A98C004FC6A3 /* LaunchScreen.strings in Resources */ = {isa = PBXBuildFile; fileRef = D5958E8B1D29A98C004FC6A3 /* LaunchScreen.strings */; };
		D5958E901D29A99A004FC6A3 /* LaunchScreen.storyboard in Resources */ = {isa = PBXBuildFile; fileRef = D5958E8E1D29A99A004FC6A3 /* LaunchScreen.storyboard */; };
		D5958E921D29A9DF004FC6A3 /* Assets.xcassets in Resources */ = {isa = PBXBuildFile; fileRef = D5958E911D29A9DF004FC6A3 /* Assets.xcassets */; };
		D5C3FAAC1F05723B0059AA90 /* GuidanceContentViewController.swift in Sources */ = {isa = PBXBuildFile; fileRef = D5C3FAAA1F05723B0059AA90 /* GuidanceContentViewController.swift */; };
		D5C3FAAD1F05723B0059AA90 /* GuidancePageViewController.swift in Sources */ = {isa = PBXBuildFile; fileRef = D5C3FAAB1F05723B0059AA90 /* GuidancePageViewController.swift */; };
		D5C3FAB31F0573040059AA90 /* Status.swift in Sources */ = {isa = PBXBuildFile; fileRef = D5C3FAB11F0573040059AA90 /* Status.swift */; };
		D5C3FAB41F0573040059AA90 /* StatusUtils.swift in Sources */ = {isa = PBXBuildFile; fileRef = D5C3FAB21F0573040059AA90 /* StatusUtils.swift */; };
		D5C3FAB61F05737B0059AA90 /* CountyController.swift in Sources */ = {isa = PBXBuildFile; fileRef = D5C3FAB51F05737B0059AA90 /* CountyController.swift */; };
		D5C3FAB81F0573880059AA90 /* QuestionController.swift in Sources */ = {isa = PBXBuildFile; fileRef = D5C3FAB71F0573880059AA90 /* QuestionController.swift */; };
		D5C3FABA1F0573920059AA90 /* FormCell.swift in Sources */ = {isa = PBXBuildFile; fileRef = D5C3FAB91F0573920059AA90 /* FormCell.swift */; };
		D5C3FABC1F05739F0059AA90 /* FormController.swift in Sources */ = {isa = PBXBuildFile; fileRef = D5C3FABB1F05739F0059AA90 /* FormController.swift */; };
		D5C3FABE1F0573B50059AA90 /* ResourceList.swift in Sources */ = {isa = PBXBuildFile; fileRef = D5C3FABD1F0573B50059AA90 /* ResourceList.swift */; };
		D5C3FAC21F05741E0059AA90 /* DateUtil.swift in Sources */ = {isa = PBXBuildFile; fileRef = D5C3FAC11F05741E0059AA90 /* DateUtil.swift */; };
		D5C3FAC41F05747E0059AA90 /* GraphHistoryDao.swift in Sources */ = {isa = PBXBuildFile; fileRef = D5C3FAC31F05747E0059AA90 /* GraphHistoryDao.swift */; };
		D5C3FAC61F0574920059AA90 /* UserDataDao.swift in Sources */ = {isa = PBXBuildFile; fileRef = D5C3FAC51F0574920059AA90 /* UserDataDao.swift */; };
		D5C3FAC81F0574A00059AA90 /* CoreDataDao.swift in Sources */ = {isa = PBXBuildFile; fileRef = D5C3FAC71F0574A00059AA90 /* CoreDataDao.swift */; };
		D5C3FACA1F0574E80059AA90 /* DoubleExtension.swift in Sources */ = {isa = PBXBuildFile; fileRef = D5C3FAC91F0574E80059AA90 /* DoubleExtension.swift */; };
		D5C3FACC1F0574F50059AA90 /* UIViewExtension.swift in Sources */ = {isa = PBXBuildFile; fileRef = D5C3FACB1F0574F50059AA90 /* UIViewExtension.swift */; };
		D5C3FACE1F0575E60059AA90 /* UserInfo.swift in Sources */ = {isa = PBXBuildFile; fileRef = D5C3FACD1F0575E60059AA90 /* UserInfo.swift */; };
		D5C3FAD01F0575F50059AA90 /* PrivacyViewController.swift in Sources */ = {isa = PBXBuildFile; fileRef = D5C3FACF1F0575F50059AA90 /* PrivacyViewController.swift */; };
		D5C3FAD61F0576320059AA90 /* SourcesViewController.swift in Sources */ = {isa = PBXBuildFile; fileRef = D5C3FAD51F0576320059AA90 /* SourcesViewController.swift */; };
		D5C3FAD81F05763F0059AA90 /* ContactUsViewController.swift in Sources */ = {isa = PBXBuildFile; fileRef = D5C3FAD71F05763F0059AA90 /* ContactUsViewController.swift */; };
		D5C3FADA1F0576550059AA90 /* UpdateUserSettingsViewController.swift in Sources */ = {isa = PBXBuildFile; fileRef = D5C3FAD91F0576550059AA90 /* UpdateUserSettingsViewController.swift */; };
		D5C3FADC1F0576610059AA90 /* UpdateCostsViewController.swift in Sources */ = {isa = PBXBuildFile; fileRef = D5C3FADB1F0576610059AA90 /* UpdateCostsViewController.swift */; };
		D5C3FADE1F0576690059AA90 /* UpdateMaxBacViewController.swift in Sources */ = {isa = PBXBuildFile; fileRef = D5C3FADD1F0576690059AA90 /* UpdateMaxBacViewController.swift */; };
		D5C3FAE01F0576860059AA90 /* InfoCategory.swift in Sources */ = {isa = PBXBuildFile; fileRef = D5C3FADF1F0576860059AA90 /* InfoCategory.swift */; };
		D5C3FAE21F05768C0059AA90 /* Info.swift in Sources */ = {isa = PBXBuildFile; fileRef = D5C3FAE11F05768C0059AA90 /* Info.swift */; };
		D5C3FAE41F0576980059AA90 /* InfoCategoryTableViewController.swift in Sources */ = {isa = PBXBuildFile; fileRef = D5C3FAE31F0576980059AA90 /* InfoCategoryTableViewController.swift */; };
		D5C3FAE61F0576D60059AA90 /* InfoCell.swift in Sources */ = {isa = PBXBuildFile; fileRef = D5C3FAE51F0576D60059AA90 /* InfoCell.swift */; };
		D5C3FAE81F0576E30059AA90 /* InfoCollectionViewController.swift in Sources */ = {isa = PBXBuildFile; fileRef = D5C3FAE71F0576E30059AA90 /* InfoCollectionViewController.swift */; };
		D5C3FAEA1F0576ED0059AA90 /* InfoCategoryCell.swift in Sources */ = {isa = PBXBuildFile; fileRef = D5C3FAE91F0576ED0059AA90 /* InfoCategoryCell.swift */; };
		D5C3FAEC1F0577320059AA90 /* HistoryFormatter.swift in Sources */ = {isa = PBXBuildFile; fileRef = D5C3FAEB1F0577320059AA90 /* HistoryFormatter.swift */; };
		D5C3FAEE1F05773B0059AA90 /* HistoryTableViewController.swift in Sources */ = {isa = PBXBuildFile; fileRef = D5C3FAED1F05773B0059AA90 /* HistoryTableViewController.swift */; };
		D5C3FAF01F0577440059AA90 /* HistoryCell.swift in Sources */ = {isa = PBXBuildFile; fileRef = D5C3FAEF1F0577440059AA90 /* HistoryCell.swift */; };
		D5C3FAF21F05774E0059AA90 /* CircleView.swift in Sources */ = {isa = PBXBuildFile; fileRef = D5C3FAF11F05774E0059AA90 /* CircleView.swift */; };
		D5C3FAF41F0577590059AA90 /* HistoryEntry.swift in Sources */ = {isa = PBXBuildFile; fileRef = D5C3FAF31F0577590059AA90 /* HistoryEntry.swift */; };
		D5C3FAF61F0577620059AA90 /* HistoryViewController.swift in Sources */ = {isa = PBXBuildFile; fileRef = D5C3FAF51F0577620059AA90 /* HistoryViewController.swift */; };
		D5C3FAF81F05776B0059AA90 /* ChartFormatter.swift in Sources */ = {isa = PBXBuildFile; fileRef = D5C3FAF71F05776B0059AA90 /* ChartFormatter.swift */; };
		D5C3FAFA1F0577910059AA90 /* DayAfterUtils.swift in Sources */ = {isa = PBXBuildFile; fileRef = D5C3FAF91F0577910059AA90 /* DayAfterUtils.swift */; };
		D5C3FAFC1F0577A50059AA90 /* defaultKeys.swift in Sources */ = {isa = PBXBuildFile; fileRef = D5C3FAFB1F0577A50059AA90 /* defaultKeys.swift */; };
		D5C3FAFE1F0577B70059AA90 /* PlanPartyUtils.swift in Sources */ = {isa = PBXBuildFile; fileRef = D5C3FAFD1F0577B70059AA90 /* PlanPartyUtils.swift */; };
		D5C3FB001F0577C50059AA90 /* UserDefaultUtils.swift in Sources */ = {isa = PBXBuildFile; fileRef = D5C3FAFF1F0577C50059AA90 /* UserDefaultUtils.swift */; };
		D5C3FB021F0577CE0059AA90 /* User.swift in Sources */ = {isa = PBXBuildFile; fileRef = D5C3FB011F0577CE0059AA90 /* User.swift */; };
		D5C3FB041F0577F60059AA90 /* BacCalcViewController.swift in Sources */ = {isa = PBXBuildFile; fileRef = D5C3FB031F0577F60059AA90 /* BacCalcViewController.swift */; };
		D5C3FB061F0578080059AA90 /* SelectDrinkPageViewController.swift in Sources */ = {isa = PBXBuildFile; fileRef = D5C3FB051F0578080059AA90 /* SelectDrinkPageViewController.swift */; };
		D5C3FB0A1F0578200059AA90 /* MyScrollVC.swift in Sources */ = {isa = PBXBuildFile; fileRef = D5C3FB091F0578200059AA90 /* MyScrollVC.swift */; };
		D5DB35CE1DAADAA1001C9413 /* Charts.framework in Frameworks */ = {isa = PBXBuildFile; fileRef = D5DB35C91DAAD970001C9413 /* Charts.framework */; };
		D5E709551F0E501E00254218 /* IntroPageViewController.swift in Sources */ = {isa = PBXBuildFile; fileRef = D5E709541F0E501E00254218 /* IntroPageViewController.swift */; };
		D5ED09FF1F054B6E0091F98C /* HistoryDao.swift in Sources */ = {isa = PBXBuildFile; fileRef = D5ED09FE1F054B6E0091F98C /* HistoryDao.swift */; };
/* End PBXBuildFile section */

/* Begin PBXContainerItemProxy section */
		D5DB35C81DAAD970001C9413 /* PBXContainerItemProxy */ = {
			isa = PBXContainerItemProxy;
			containerPortal = D5DB35C21DAAD970001C9413 /* Charts.xcodeproj */;
			proxyType = 2;
			remoteGlobalIDString = 06165F241D8110E600722320;
			remoteInfo = Charts;
		};
		D5DB35CA1DAAD970001C9413 /* PBXContainerItemProxy */ = {
			isa = PBXContainerItemProxy;
			containerPortal = D5DB35C21DAAD970001C9413 /* Charts.xcodeproj */;
			proxyType = 2;
			remoteGlobalIDString = 06B120D51D811E6200D14B02;
			remoteInfo = ChartsRealm;
		};
		D5DB35CC1DAAD970001C9413 /* PBXContainerItemProxy */ = {
			isa = PBXContainerItemProxy;
			containerPortal = D5DB35C21DAAD970001C9413 /* Charts.xcodeproj */;
			proxyType = 2;
			remoteGlobalIDString = 06165F2E1D8110E600722320;
			remoteInfo = ChartsTests;
		};
/* End PBXContainerItemProxy section */

/* Begin PBXCopyFilesBuildPhase section */
		7F204A001C86ED8100EB4CE5 /* Embed Frameworks */ = {
			isa = PBXCopyFilesBuildPhase;
			buildActionMask = 2147483647;
			dstPath = "";
			dstSubfolderSpec = 10;
			files = (
			);
			name = "Embed Frameworks";
			runOnlyForDeploymentPostprocessing = 0;
		};
/* End PBXCopyFilesBuildPhase section */

/* Begin PBXFileReference section */
		7FE4E4831C58BD12004465B7 /* Drikkevett.app */ = {isa = PBXFileReference; explicitFileType = wrapper.application; includeInIndex = 0; path = Drikkevett.app; sourceTree = BUILT_PRODUCTS_DIR; };
		D52D459D1EF91737008353AB /* RootViewController.swift */ = {isa = PBXFileReference; fileEncoding = 4; lastKnownFileType = sourcecode.swift; name = RootViewController.swift; path = Drikkevett/RootViewController.swift; sourceTree = SOURCE_ROOT; };
		D5371A6B1F057DF700B81A89 /* HomeViewControllerNew.swift */ = {isa = PBXFileReference; fileEncoding = 4; lastKnownFileType = sourcecode.swift; name = HomeViewControllerNew.swift; path = Drikkevett/HomeViewControllerNew.swift; sourceTree = SOURCE_ROOT; };
		D5371A6D1F06747100B81A89 /* InnholdViewController.swift */ = {isa = PBXFileReference; fileEncoding = 4; lastKnownFileType = sourcecode.swift; name = InnholdViewController.swift; path = Drikkevett/InnholdViewController.swift; sourceTree = SOURCE_ROOT; };
		D5371A6F1F06748800B81A89 /* GlemteEnheterViewController.swift */ = {isa = PBXFileReference; fileEncoding = 4; lastKnownFileType = sourcecode.swift; name = GlemteEnheterViewController.swift; path = Drikkevett/GlemteEnheterViewController.swift; sourceTree = SOURCE_ROOT; };
		D5371A711F0A7BB000B81A89 /* PlanPartyViewController.swift */ = {isa = PBXFileReference; fileEncoding = 4; lastKnownFileType = sourcecode.swift; path = PlanPartyViewController.swift; sourceTree = SOURCE_ROOT; };
		D5371A731F0A858C00B81A89 /* UnitAddedDao.swift */ = {isa = PBXFileReference; fileEncoding = 4; lastKnownFileType = sourcecode.swift; path = UnitAddedDao.swift; sourceTree = "<group>"; };
		D5371A751F0A87B800B81A89 /* StartEndTimestampsDao.swift */ = {isa = PBXFileReference; fileEncoding = 4; lastKnownFileType = sourcecode.swift; path = StartEndTimestampsDao.swift; sourceTree = "<group>"; };
		D5371A771F0A912500B81A89 /* PartyViewController.swift */ = {isa = PBXFileReference; fileEncoding = 4; lastKnownFileType = sourcecode.swift; path = PartyViewController.swift; sourceTree = SOURCE_ROOT; };
		D5371A791F0AC46E00B81A89 /* DrinkEpisodeViewController.swift */ = {isa = PBXFileReference; fileEncoding = 4; lastKnownFileType = sourcecode.swift; path = DrinkEpisodeViewController.swift; sourceTree = SOURCE_ROOT; };
		D5371A7D1F0AC92D00B81A89 /* StatusNew.swift */ = {isa = PBXFileReference; fileEncoding = 4; lastKnownFileType = sourcecode.swift; path = StatusNew.swift; sourceTree = "<group>"; };
		D5371A801F0D1B9100B81A89 /* TipsPageViewController.swift */ = {isa = PBXFileReference; fileEncoding = 4; lastKnownFileType = sourcecode.swift; path = TipsPageViewController.swift; sourceTree = SOURCE_ROOT; };
		D5371A841F0D1BD900B81A89 /* DayAfterViewController.swift */ = {isa = PBXFileReference; fileEncoding = 4; lastKnownFileType = sourcecode.swift; path = DayAfterViewController.swift; sourceTree = SOURCE_ROOT; };
		D5371A861F0D845C00B81A89 /* UnitViewController.swift */ = {isa = PBXFileReference; fileEncoding = 4; lastKnownFileType = sourcecode.swift; path = UnitViewController.swift; sourceTree = SOURCE_ROOT; };
		D5958E1E1D29A194004FC6A3 /* AppColors.swift */ = {isa = PBXFileReference; fileEncoding = 4; lastKnownFileType = sourcecode.swift; name = AppColors.swift; path = Drikkevett/AppColors.swift; sourceTree = "<group>"; };
		D5958E201D29A21C004FC6A3 /* StringExtension.swift */ = {isa = PBXFileReference; fileEncoding = 4; lastKnownFileType = sourcecode.swift; name = StringExtension.swift; path = Drikkevett/StringExtension.swift; sourceTree = "<group>"; };
		D5958E221D29A22D004FC6A3 /* StartEndTimeStamps.swift */ = {isa = PBXFileReference; fileEncoding = 4; lastKnownFileType = sourcecode.swift; name = StartEndTimeStamps.swift; path = Drikkevett/StartEndTimeStamps.swift; sourceTree = SOURCE_ROOT; };
		D5958E241D29A239004FC6A3 /* TerminatedTimeStamp.swift */ = {isa = PBXFileReference; fileEncoding = 4; lastKnownFileType = sourcecode.swift; name = TerminatedTimeStamp.swift; path = Drikkevett/TerminatedTimeStamp.swift; sourceTree = SOURCE_ROOT; };
		D5958E261D29A243004FC6A3 /* UserData.swift */ = {isa = PBXFileReference; fileEncoding = 4; lastKnownFileType = sourcecode.swift; name = UserData.swift; path = Drikkevett/UserData.swift; sourceTree = SOURCE_ROOT; };
		D5958E281D29A24E004FC6A3 /* TimeStamp2.swift */ = {isa = PBXFileReference; fileEncoding = 4; lastKnownFileType = sourcecode.swift; name = TimeStamp2.swift; path = Drikkevett/TimeStamp2.swift; sourceTree = SOURCE_ROOT; };
		D5958E2A1D29A25A004FC6A3 /* TimeStamp.swift */ = {isa = PBXFileReference; fileEncoding = 4; lastKnownFileType = sourcecode.swift; name = TimeStamp.swift; path = Drikkevett/TimeStamp.swift; sourceTree = SOURCE_ROOT; };
		D5958E2C1D29A29A004FC6A3 /* GraphHistorikk.swift */ = {isa = PBXFileReference; fileEncoding = 4; lastKnownFileType = sourcecode.swift; name = GraphHistorikk.swift; path = Drikkevett/GraphHistorikk.swift; sourceTree = SOURCE_ROOT; };
		D5958E2E1D29A2A9004FC6A3 /* Historikk.swift */ = {isa = PBXFileReference; fileEncoding = 4; lastKnownFileType = sourcecode.swift; name = Historikk.swift; path = Drikkevett/Historikk.swift; sourceTree = SOURCE_ROOT; };
		D5958E331D29A3DA004FC6A3 /* myCoreDataModel.xcdatamodel */ = {isa = PBXFileReference; lastKnownFileType = wrapper.xcdatamodel; path = myCoreDataModel.xcdatamodel; sourceTree = "<group>"; };
		D5958E351D29A430004FC6A3 /* AppDelegate.swift */ = {isa = PBXFileReference; fileEncoding = 4; lastKnownFileType = sourcecode.swift; name = AppDelegate.swift; path = Drikkevett/AppDelegate.swift; sourceTree = "<group>"; };
		D5958E3B1D29A494004FC6A3 /* SkallMenyBrain.swift */ = {isa = PBXFileReference; fileEncoding = 4; lastKnownFileType = sourcecode.swift; name = SkallMenyBrain.swift; path = Drikkevett/SkallMenyBrain.swift; sourceTree = "<group>"; };
		D5958E3D1D29A4C4004FC6A3 /* CoreDataMethods.swift */ = {isa = PBXFileReference; fileEncoding = 4; lastKnownFileType = sourcecode.swift; name = CoreDataMethods.swift; path = Drikkevett/CoreDataMethods.swift; sourceTree = "<group>"; };
		D5958E431D29A513004FC6A3 /* VelkommenViewController.swift */ = {isa = PBXFileReference; fileEncoding = 4; lastKnownFileType = sourcecode.swift; name = VelkommenViewController.swift; path = Drikkevett/VelkommenViewController.swift; sourceTree = SOURCE_ROOT; };
		D5958E451D29A524004FC6A3 /* InformationViewController.swift */ = {isa = PBXFileReference; fileEncoding = 4; lastKnownFileType = sourcecode.swift; name = InformationViewController.swift; path = Drikkevett/InformationViewController.swift; sourceTree = SOURCE_ROOT; };
		D5958E471D29A531004FC6A3 /* KostnaderViewController.swift */ = {isa = PBXFileReference; fileEncoding = 4; lastKnownFileType = sourcecode.swift; name = KostnaderViewController.swift; path = Drikkevett/KostnaderViewController.swift; sourceTree = SOURCE_ROOT; };
		D5958E491D29A53F004FC6A3 /* SettMalViewController.swift */ = {isa = PBXFileReference; fileEncoding = 4; lastKnownFileType = sourcecode.swift; name = SettMalViewController.swift; path = Drikkevett/SettMalViewController.swift; sourceTree = SOURCE_ROOT; };
		D5958E5B1D29A68D004FC6A3 /* webViewController.swift */ = {isa = PBXFileReference; fileEncoding = 4; lastKnownFileType = sourcecode.swift; name = webViewController.swift; path = Drikkevett/webViewController.swift; sourceTree = SOURCE_ROOT; };
		D5958E611D29A6AC004FC6A3 /* InfoDetailViewController.swift */ = {isa = PBXFileReference; fileEncoding = 4; lastKnownFileType = sourcecode.swift; name = InfoDetailViewController.swift; path = Drikkevett/InfoDetailViewController.swift; sourceTree = SOURCE_ROOT; };
		D5958E631D29A701004FC6A3 /* CustomHistorikkCellTableViewCell.swift */ = {isa = PBXFileReference; fileEncoding = 4; lastKnownFileType = sourcecode.swift; name = CustomHistorikkCellTableViewCell.swift; path = Drikkevett/CustomHistorikkCellTableViewCell.swift; sourceTree = SOURCE_ROOT; };
		D5958E671D29A718004FC6A3 /* HistorikkViewController.swift */ = {isa = PBXFileReference; fileEncoding = 4; lastKnownFileType = sourcecode.swift; name = HistorikkViewController.swift; path = Drikkevett/HistorikkViewController.swift; sourceTree = SOURCE_ROOT; };
		D5958E691D29A735004FC6A3 /* DagenDerpaViewController.swift */ = {isa = PBXFileReference; fileEncoding = 4; lastKnownFileType = sourcecode.swift; name = DagenDerpaViewController.swift; path = Drikkevett/DagenDerpaViewController.swift; sourceTree = SOURCE_ROOT; };
		D5958E6B1D29A73E004FC6A3 /* MainDagenDerpaViewController.swift */ = {isa = PBXFileReference; fileEncoding = 4; lastKnownFileType = sourcecode.swift; name = MainDagenDerpaViewController.swift; path = Drikkevett/MainDagenDerpaViewController.swift; sourceTree = SOURCE_ROOT; };
		D5958E6D1D29A77D004FC6A3 /* MiddleUnitViewController.swift */ = {isa = PBXFileReference; fileEncoding = 4; lastKnownFileType = sourcecode.swift; name = MiddleUnitViewController.swift; path = Drikkevett/MiddleUnitViewController.swift; sourceTree = SOURCE_ROOT; };
		D5958E6F1D29A787004FC6A3 /* ChooseUnitViewController.swift */ = {isa = PBXFileReference; fileEncoding = 4; lastKnownFileType = sourcecode.swift; name = ChooseUnitViewController.swift; path = Drikkevett/ChooseUnitViewController.swift; sourceTree = SOURCE_ROOT; };
		D5958E771D29A7C6004FC6A3 /* FirstViewController.swift */ = {isa = PBXFileReference; fileEncoding = 4; lastKnownFileType = sourcecode.swift; name = FirstViewController.swift; path = Drikkevett/FirstViewController.swift; sourceTree = SOURCE_ROOT; };
		D5958E831D29A81F004FC6A3 /* HomeViewController.swift */ = {isa = PBXFileReference; fileEncoding = 4; lastKnownFileType = sourcecode.swift; name = HomeViewController.swift; path = Drikkevett/HomeViewController.swift; sourceTree = SOURCE_ROOT; };
		D5958E861D29A932004FC6A3 /* Base */ = {isa = PBXFileReference; lastKnownFileType = file.storyboard; name = Base; path = Drikkevett/Base.lproj/Main.storyboard; sourceTree = "<group>"; };
		D5958E891D29A93D004FC6A3 /* nb */ = {isa = PBXFileReference; lastKnownFileType = text.plist.strings; name = nb; path = Drikkevett/nb.lproj/Main.strings; sourceTree = "<group>"; };
		D5958E8C1D29A98C004FC6A3 /* nb */ = {isa = PBXFileReference; lastKnownFileType = text.plist.strings; name = nb; path = Drikkevett/nb.lproj/LaunchScreen.strings; sourceTree = "<group>"; };
		D5958E8F1D29A99A004FC6A3 /* Base */ = {isa = PBXFileReference; lastKnownFileType = file.storyboard; name = Base; path = Drikkevett/Base.lproj/LaunchScreen.storyboard; sourceTree = "<group>"; };
		D5958E911D29A9DF004FC6A3 /* Assets.xcassets */ = {isa = PBXFileReference; lastKnownFileType = folder.assetcatalog; name = Assets.xcassets; path = Drikkevett/Assets.xcassets; sourceTree = "<group>"; };
		D5958E931D29AA0A004FC6A3 /* Info.plist */ = {isa = PBXFileReference; fileEncoding = 4; lastKnownFileType = text.plist.xml; name = Info.plist; path = Drikkevett/Info.plist; sourceTree = "<group>"; };
		D5C3FAAA1F05723B0059AA90 /* GuidanceContentViewController.swift */ = {isa = PBXFileReference; fileEncoding = 4; lastKnownFileType = sourcecode.swift; name = GuidanceContentViewController.swift; path = Drikkevett/GuidanceContentViewController.swift; sourceTree = "<group>"; };
		D5C3FAAB1F05723B0059AA90 /* GuidancePageViewController.swift */ = {isa = PBXFileReference; fileEncoding = 4; lastKnownFileType = sourcecode.swift; name = GuidancePageViewController.swift; path = Drikkevett/GuidancePageViewController.swift; sourceTree = "<group>"; };
		D5C3FAB11F0573040059AA90 /* Status.swift */ = {isa = PBXFileReference; fileEncoding = 4; lastKnownFileType = sourcecode.swift; name = Status.swift; path = Drikkevett/Status.swift; sourceTree = "<group>"; };
		D5C3FAB21F0573040059AA90 /* StatusUtils.swift */ = {isa = PBXFileReference; fileEncoding = 4; lastKnownFileType = sourcecode.swift; name = StatusUtils.swift; path = Drikkevett/StatusUtils.swift; sourceTree = "<group>"; };
		D5C3FAB51F05737B0059AA90 /* CountyController.swift */ = {isa = PBXFileReference; fileEncoding = 4; lastKnownFileType = sourcecode.swift; name = CountyController.swift; path = Drikkevett/CountyController.swift; sourceTree = "<group>"; };
		D5C3FAB71F0573880059AA90 /* QuestionController.swift */ = {isa = PBXFileReference; fileEncoding = 4; lastKnownFileType = sourcecode.swift; name = QuestionController.swift; path = Drikkevett/QuestionController.swift; sourceTree = "<group>"; };
		D5C3FAB91F0573920059AA90 /* FormCell.swift */ = {isa = PBXFileReference; fileEncoding = 4; lastKnownFileType = sourcecode.swift; name = FormCell.swift; path = Drikkevett/FormCell.swift; sourceTree = "<group>"; };
		D5C3FABB1F05739F0059AA90 /* FormController.swift */ = {isa = PBXFileReference; fileEncoding = 4; lastKnownFileType = sourcecode.swift; name = FormController.swift; path = Drikkevett/FormController.swift; sourceTree = "<group>"; };
		D5C3FABD1F0573B50059AA90 /* ResourceList.swift */ = {isa = PBXFileReference; fileEncoding = 4; lastKnownFileType = sourcecode.swift; name = ResourceList.swift; path = Drikkevett/ResourceList.swift; sourceTree = "<group>"; };
		D5C3FAC11F05741E0059AA90 /* DateUtil.swift */ = {isa = PBXFileReference; fileEncoding = 4; lastKnownFileType = sourcecode.swift; name = DateUtil.swift; path = Drikkevett/DateUtil.swift; sourceTree = "<group>"; };
		D5C3FAC31F05747E0059AA90 /* GraphHistoryDao.swift */ = {isa = PBXFileReference; fileEncoding = 4; lastKnownFileType = sourcecode.swift; name = GraphHistoryDao.swift; path = Drikkevett/GraphHistoryDao.swift; sourceTree = "<group>"; };
		D5C3FAC51F0574920059AA90 /* UserDataDao.swift */ = {isa = PBXFileReference; fileEncoding = 4; lastKnownFileType = sourcecode.swift; name = UserDataDao.swift; path = Drikkevett/UserDataDao.swift; sourceTree = "<group>"; };
		D5C3FAC71F0574A00059AA90 /* CoreDataDao.swift */ = {isa = PBXFileReference; fileEncoding = 4; lastKnownFileType = sourcecode.swift; name = CoreDataDao.swift; path = Drikkevett/CoreDataDao.swift; sourceTree = "<group>"; };
		D5C3FAC91F0574E80059AA90 /* DoubleExtension.swift */ = {isa = PBXFileReference; fileEncoding = 4; lastKnownFileType = sourcecode.swift; name = DoubleExtension.swift; path = Drikkevett/DoubleExtension.swift; sourceTree = "<group>"; };
		D5C3FACB1F0574F50059AA90 /* UIViewExtension.swift */ = {isa = PBXFileReference; fileEncoding = 4; lastKnownFileType = sourcecode.swift; name = UIViewExtension.swift; path = Drikkevett/UIViewExtension.swift; sourceTree = "<group>"; };
		D5C3FACD1F0575E60059AA90 /* UserInfo.swift */ = {isa = PBXFileReference; fileEncoding = 4; lastKnownFileType = sourcecode.swift; name = UserInfo.swift; path = Drikkevett/UserInfo.swift; sourceTree = SOURCE_ROOT; };
		D5C3FACF1F0575F50059AA90 /* PrivacyViewController.swift */ = {isa = PBXFileReference; fileEncoding = 4; lastKnownFileType = sourcecode.swift; name = PrivacyViewController.swift; path = Drikkevett/PrivacyViewController.swift; sourceTree = SOURCE_ROOT; };
		D5C3FAD51F0576320059AA90 /* SourcesViewController.swift */ = {isa = PBXFileReference; fileEncoding = 4; lastKnownFileType = sourcecode.swift; name = SourcesViewController.swift; path = Drikkevett/SourcesViewController.swift; sourceTree = SOURCE_ROOT; };
		D5C3FAD71F05763F0059AA90 /* ContactUsViewController.swift */ = {isa = PBXFileReference; fileEncoding = 4; lastKnownFileType = sourcecode.swift; name = ContactUsViewController.swift; path = Drikkevett/ContactUsViewController.swift; sourceTree = SOURCE_ROOT; };
		D5C3FAD91F0576550059AA90 /* UpdateUserSettingsViewController.swift */ = {isa = PBXFileReference; fileEncoding = 4; lastKnownFileType = sourcecode.swift; name = UpdateUserSettingsViewController.swift; path = Drikkevett/UpdateUserSettingsViewController.swift; sourceTree = SOURCE_ROOT; };
		D5C3FADB1F0576610059AA90 /* UpdateCostsViewController.swift */ = {isa = PBXFileReference; fileEncoding = 4; lastKnownFileType = sourcecode.swift; name = UpdateCostsViewController.swift; path = Drikkevett/UpdateCostsViewController.swift; sourceTree = SOURCE_ROOT; };
		D5C3FADD1F0576690059AA90 /* UpdateMaxBacViewController.swift */ = {isa = PBXFileReference; fileEncoding = 4; lastKnownFileType = sourcecode.swift; name = UpdateMaxBacViewController.swift; path = Drikkevett/UpdateMaxBacViewController.swift; sourceTree = SOURCE_ROOT; };
		D5C3FADF1F0576860059AA90 /* InfoCategory.swift */ = {isa = PBXFileReference; fileEncoding = 4; lastKnownFileType = sourcecode.swift; name = InfoCategory.swift; path = Drikkevett/InfoCategory.swift; sourceTree = SOURCE_ROOT; };
		D5C3FAE11F05768C0059AA90 /* Info.swift */ = {isa = PBXFileReference; fileEncoding = 4; lastKnownFileType = sourcecode.swift; name = Info.swift; path = Drikkevett/Info.swift; sourceTree = SOURCE_ROOT; };
		D5C3FAE31F0576980059AA90 /* InfoCategoryTableViewController.swift */ = {isa = PBXFileReference; fileEncoding = 4; lastKnownFileType = sourcecode.swift; name = InfoCategoryTableViewController.swift; path = Drikkevett/InfoCategoryTableViewController.swift; sourceTree = SOURCE_ROOT; };
		D5C3FAE51F0576D60059AA90 /* InfoCell.swift */ = {isa = PBXFileReference; fileEncoding = 4; lastKnownFileType = sourcecode.swift; name = InfoCell.swift; path = Drikkevett/InfoCell.swift; sourceTree = SOURCE_ROOT; };
		D5C3FAE71F0576E30059AA90 /* InfoCollectionViewController.swift */ = {isa = PBXFileReference; fileEncoding = 4; lastKnownFileType = sourcecode.swift; name = InfoCollectionViewController.swift; path = Drikkevett/InfoCollectionViewController.swift; sourceTree = SOURCE_ROOT; };
		D5C3FAE91F0576ED0059AA90 /* InfoCategoryCell.swift */ = {isa = PBXFileReference; fileEncoding = 4; lastKnownFileType = sourcecode.swift; name = InfoCategoryCell.swift; path = Drikkevett/InfoCategoryCell.swift; sourceTree = SOURCE_ROOT; };
		D5C3FAEB1F0577320059AA90 /* HistoryFormatter.swift */ = {isa = PBXFileReference; fileEncoding = 4; lastKnownFileType = sourcecode.swift; name = HistoryFormatter.swift; path = Drikkevett/HistoryFormatter.swift; sourceTree = SOURCE_ROOT; };
		D5C3FAED1F05773B0059AA90 /* HistoryTableViewController.swift */ = {isa = PBXFileReference; fileEncoding = 4; lastKnownFileType = sourcecode.swift; name = HistoryTableViewController.swift; path = Drikkevett/HistoryTableViewController.swift; sourceTree = SOURCE_ROOT; };
		D5C3FAEF1F0577440059AA90 /* HistoryCell.swift */ = {isa = PBXFileReference; fileEncoding = 4; lastKnownFileType = sourcecode.swift; name = HistoryCell.swift; path = Drikkevett/HistoryCell.swift; sourceTree = SOURCE_ROOT; };
		D5C3FAF11F05774E0059AA90 /* CircleView.swift */ = {isa = PBXFileReference; fileEncoding = 4; lastKnownFileType = sourcecode.swift; name = CircleView.swift; path = Drikkevett/CircleView.swift; sourceTree = SOURCE_ROOT; };
		D5C3FAF31F0577590059AA90 /* HistoryEntry.swift */ = {isa = PBXFileReference; fileEncoding = 4; lastKnownFileType = sourcecode.swift; name = HistoryEntry.swift; path = Drikkevett/HistoryEntry.swift; sourceTree = SOURCE_ROOT; };
		D5C3FAF51F0577620059AA90 /* HistoryViewController.swift */ = {isa = PBXFileReference; fileEncoding = 4; lastKnownFileType = sourcecode.swift; name = HistoryViewController.swift; path = Drikkevett/HistoryViewController.swift; sourceTree = SOURCE_ROOT; };
		D5C3FAF71F05776B0059AA90 /* ChartFormatter.swift */ = {isa = PBXFileReference; fileEncoding = 4; lastKnownFileType = sourcecode.swift; name = ChartFormatter.swift; path = Drikkevett/ChartFormatter.swift; sourceTree = SOURCE_ROOT; };
		D5C3FAF91F0577910059AA90 /* DayAfterUtils.swift */ = {isa = PBXFileReference; fileEncoding = 4; lastKnownFileType = sourcecode.swift; name = DayAfterUtils.swift; path = Drikkevett/DayAfterUtils.swift; sourceTree = SOURCE_ROOT; };
		D5C3FAFB1F0577A50059AA90 /* defaultKeys.swift */ = {isa = PBXFileReference; fileEncoding = 4; lastKnownFileType = sourcecode.swift; name = defaultKeys.swift; path = Drikkevett/defaultKeys.swift; sourceTree = SOURCE_ROOT; };
		D5C3FAFD1F0577B70059AA90 /* PlanPartyUtils.swift */ = {isa = PBXFileReference; fileEncoding = 4; lastKnownFileType = sourcecode.swift; name = PlanPartyUtils.swift; path = Drikkevett/PlanPartyUtils.swift; sourceTree = SOURCE_ROOT; };
		D5C3FAFF1F0577C50059AA90 /* UserDefaultUtils.swift */ = {isa = PBXFileReference; fileEncoding = 4; lastKnownFileType = sourcecode.swift; name = UserDefaultUtils.swift; path = Drikkevett/UserDefaultUtils.swift; sourceTree = SOURCE_ROOT; };
		D5C3FB011F0577CE0059AA90 /* User.swift */ = {isa = PBXFileReference; fileEncoding = 4; lastKnownFileType = sourcecode.swift; name = User.swift; path = Drikkevett/User.swift; sourceTree = SOURCE_ROOT; };
		D5C3FB031F0577F60059AA90 /* BacCalcViewController.swift */ = {isa = PBXFileReference; fileEncoding = 4; lastKnownFileType = sourcecode.swift; name = BacCalcViewController.swift; path = Drikkevett/BacCalcViewController.swift; sourceTree = SOURCE_ROOT; };
		D5C3FB051F0578080059AA90 /* SelectDrinkPageViewController.swift */ = {isa = PBXFileReference; fileEncoding = 4; lastKnownFileType = sourcecode.swift; name = SelectDrinkPageViewController.swift; path = Drikkevett/SelectDrinkPageViewController.swift; sourceTree = SOURCE_ROOT; };
		D5C3FB091F0578200059AA90 /* MyScrollVC.swift */ = {isa = PBXFileReference; fileEncoding = 4; lastKnownFileType = sourcecode.swift; name = MyScrollVC.swift; path = Drikkevett/MyScrollVC.swift; sourceTree = SOURCE_ROOT; };
		D5DB35C21DAAD970001C9413 /* Charts.xcodeproj */ = {isa = PBXFileReference; lastKnownFileType = "wrapper.pb-project"; name = Charts.xcodeproj; path = "../../Downloads/Charts-master 2/Charts.xcodeproj"; sourceTree = "<group>"; };
		D5E709541F0E501E00254218 /* IntroPageViewController.swift */ = {isa = PBXFileReference; fileEncoding = 4; lastKnownFileType = sourcecode.swift; path = IntroPageViewController.swift; sourceTree = SOURCE_ROOT; };
		D5ED09FE1F054B6E0091F98C /* HistoryDao.swift */ = {isa = PBXFileReference; fileEncoding = 4; lastKnownFileType = sourcecode.swift; name = HistoryDao.swift; path = Drikkevett/HistoryDao.swift; sourceTree = "<group>"; };
/* End PBXFileReference section */

/* Begin PBXFrameworksBuildPhase section */
		7FE4E4801C58BD12004465B7 /* Frameworks */ = {
			isa = PBXFrameworksBuildPhase;
			buildActionMask = 2147483647;
			files = (
				D5DB35CE1DAADAA1001C9413 /* Charts.framework in Frameworks */,
			);
			runOnlyForDeploymentPostprocessing = 0;
		};
/* End PBXFrameworksBuildPhase section */

/* Begin PBXGroup section */
		7F850C851D4F562F007B62DB /* status */ = {
			isa = PBXGroup;
			children = (
				D5C3FAB11F0573040059AA90 /* Status.swift */,
				D5C3FAB21F0573040059AA90 /* StatusUtils.swift */,
				D5371A7D1F0AC92D00B81A89 /* StatusNew.swift */,
			);
			name = status;
			sourceTree = "<group>";
		};
		7FE4E47A1C58BD12004465B7 = {
			isa = PBXGroup;
			children = (
				D5412BCA1D286E9200445D6C /* Drikkevett */,
				D5412BCB1D286F6500445D6C /* Frameworks */,
				7FE4E4841C58BD12004465B7 /* Products */,
			);
			sourceTree = "<group>";
		};
		7FE4E4841C58BD12004465B7 /* Products */ = {
			isa = PBXGroup;
			children = (
				7FE4E4831C58BD12004465B7 /* Drikkevett.app */,
			);
			name = Products;
			sourceTree = "<group>";
		};
		D5371A7F1F0D1B4400B81A89 /* tips */ = {
			isa = PBXGroup;
			children = (
				D5371A801F0D1B9100B81A89 /* TipsPageViewController.swift */,
				D5371A841F0D1BD900B81A89 /* DayAfterViewController.swift */,
			);
			name = tips;
			sourceTree = "<group>";
		};
		D5412BB41D2810D900445D6C /* entities */ = {
			isa = PBXGroup;
			children = (
				D5958E2C1D29A29A004FC6A3 /* GraphHistorikk.swift */,
				D5958E221D29A22D004FC6A3 /* StartEndTimeStamps.swift */,
				D5958E241D29A239004FC6A3 /* TerminatedTimeStamp.swift */,
				D5958E261D29A243004FC6A3 /* UserData.swift */,
				D5958E2E1D29A2A9004FC6A3 /* Historikk.swift */,
				D5958E281D29A24E004FC6A3 /* TimeStamp2.swift */,
				D5958E2A1D29A25A004FC6A3 /* TimeStamp.swift */,
			);
			name = entities;
			path = Skall_Meny;
			sourceTree = "<group>";
		};
		D5412BB81D284C2000445D6C /* extensions */ = {
			isa = PBXGroup;
			children = (
				D5958E201D29A21C004FC6A3 /* StringExtension.swift */,
				D5C3FACB1F0574F50059AA90 /* UIViewExtension.swift */,
				D5C3FAC91F0574E80059AA90 /* DoubleExtension.swift */,
			);
			name = extensions;
			sourceTree = "<group>";
		};
		D5412BBC1D28553000445D6C /* tabs */ = {
			isa = PBXGroup;
			children = (
				D5ED09FD1F05357C0091F98C /* drinkEpisode */,
				D5412BC41D285E4E00445D6C /* history */,
				D5412BC31D285E3800445D6C /* dayAfter */,
				D5412BC21D285E2400445D6C /* planEvening */,
				D5412BC11D285E0E00445D6C /* calculator */,
				D5412BC01D285DFD00445D6C /* home */,
			);
			name = tabs;
			sourceTree = "<group>";
		};
		D5412BBD1D285D7E00445D6C /* information */ = {
			isa = PBXGroup;
			children = (
				D5958E611D29A6AC004FC6A3 /* InfoDetailViewController.swift */,
				D5C3FADF1F0576860059AA90 /* InfoCategory.swift */,
				D5C3FAE11F05768C0059AA90 /* Info.swift */,
				D5C3FAE31F0576980059AA90 /* InfoCategoryTableViewController.swift */,
				D5C3FAE51F0576D60059AA90 /* InfoCell.swift */,
				D5C3FAE71F0576E30059AA90 /* InfoCollectionViewController.swift */,
				D5C3FAE91F0576ED0059AA90 /* InfoCategoryCell.swift */,
			);
			name = information;
			sourceTree = "<group>";
		};
		D5412BBF1D285DAF00445D6C /* main */ = {
			isa = PBXGroup;
			children = (
				D5412BC51D285EAF00445D6C /* settings */,
				D5412BBD1D285D7E00445D6C /* information */,
				D5412BBC1D28553000445D6C /* tabs */,
			);
			name = main;
			path = Skall_Meny;
			sourceTree = "<group>";
		};
		D5412BC01D285DFD00445D6C /* home */ = {
			isa = PBXGroup;
			children = (
				D5958E831D29A81F004FC6A3 /* HomeViewController.swift */,
				D5371A6B1F057DF700B81A89 /* HomeViewControllerNew.swift */,
			);
			name = home;
			sourceTree = "<group>";
		};
		D5412BC11D285E0E00445D6C /* calculator */ = {
			isa = PBXGroup;
			children = (
				D5C3FB031F0577F60059AA90 /* BacCalcViewController.swift */,
				D5C3FB051F0578080059AA90 /* SelectDrinkPageViewController.swift */,
				D5C3FB091F0578200059AA90 /* MyScrollVC.swift */,
			);
			name = calculator;
			sourceTree = "<group>";
		};
		D5412BC21D285E2400445D6C /* planEvening */ = {
			isa = PBXGroup;
			children = (
				D5958E771D29A7C6004FC6A3 /* FirstViewController.swift */,
				D5C3FAFB1F0577A50059AA90 /* defaultKeys.swift */,
				D5958E6D1D29A77D004FC6A3 /* MiddleUnitViewController.swift */,
				D5958E6F1D29A787004FC6A3 /* ChooseUnitViewController.swift */,
				D5C3FAFD1F0577B70059AA90 /* PlanPartyUtils.swift */,
				D5C3FAFF1F0577C50059AA90 /* UserDefaultUtils.swift */,
				D5C3FB011F0577CE0059AA90 /* User.swift */,
				D5371A6D1F06747100B81A89 /* InnholdViewController.swift */,
			);
			name = planEvening;
			sourceTree = "<group>";
		};
		D5412BC31D285E3800445D6C /* dayAfter */ = {
			isa = PBXGroup;
			children = (
				D5C3FAF91F0577910059AA90 /* DayAfterUtils.swift */,
				D5958E691D29A735004FC6A3 /* DagenDerpaViewController.swift */,
				D5958E6B1D29A73E004FC6A3 /* MainDagenDerpaViewController.swift */,
				D5371A6F1F06748800B81A89 /* GlemteEnheterViewController.swift */,
			);
			name = dayAfter;
			sourceTree = "<group>";
		};
		D5412BC41D285E4E00445D6C /* history */ = {
			isa = PBXGroup;
			children = (
				D5958E631D29A701004FC6A3 /* CustomHistorikkCellTableViewCell.swift */,
				D5958E671D29A718004FC6A3 /* HistorikkViewController.swift */,
				D5C3FAEB1F0577320059AA90 /* HistoryFormatter.swift */,
				D5C3FAED1F05773B0059AA90 /* HistoryTableViewController.swift */,
				D5C3FAEF1F0577440059AA90 /* HistoryCell.swift */,
				D5C3FAF11F05774E0059AA90 /* CircleView.swift */,
				D5C3FAF31F0577590059AA90 /* HistoryEntry.swift */,
				D5C3FAF51F0577620059AA90 /* HistoryViewController.swift */,
				D5C3FAF71F05776B0059AA90 /* ChartFormatter.swift */,
			);
			name = history;
			sourceTree = "<group>";
		};
		D5412BC51D285EAF00445D6C /* settings */ = {
			isa = PBXGroup;
			children = (
				D5C3FAD71F05763F0059AA90 /* ContactUsViewController.swift */,
				D5C3FAD91F0576550059AA90 /* UpdateUserSettingsViewController.swift */,
				D5C3FADB1F0576610059AA90 /* UpdateCostsViewController.swift */,
				D5C3FADD1F0576690059AA90 /* UpdateMaxBacViewController.swift */,
				D5C3FAD51F0576320059AA90 /* SourcesViewController.swift */,
				D5958E5B1D29A68D004FC6A3 /* webViewController.swift */,
			);
			name = settings;
			sourceTree = "<group>";
		};
		D5412BC61D28607F00445D6C /* intro */ = {
			isa = PBXGroup;
			children = (
				D5E709501F0E4FF600254218 /* newIntro */,
				D5958E431D29A513004FC6A3 /* VelkommenViewController.swift */,
				D5958E451D29A524004FC6A3 /* InformationViewController.swift */,
				D5958E471D29A531004FC6A3 /* KostnaderViewController.swift */,
				D5958E491D29A53F004FC6A3 /* SettMalViewController.swift */,
				D52D459D1EF91737008353AB /* RootViewController.swift */,
				D5C3FACD1F0575E60059AA90 /* UserInfo.swift */,
				D5C3FACF1F0575F50059AA90 /* PrivacyViewController.swift */,
				D5371A861F0D845C00B81A89 /* UnitViewController.swift */,
			);
			name = intro;
			path = Skall_Meny;
			sourceTree = "<group>";
		};
		D5412BC81D28640200445D6C /* persistence */ = {
			isa = PBXGroup;
			children = (
				D5958E3D1D29A4C4004FC6A3 /* CoreDataMethods.swift */,
				D5C3FAC71F0574A00059AA90 /* CoreDataDao.swift */,
				D5C3FAC51F0574920059AA90 /* UserDataDao.swift */,
				D5ED09FE1F054B6E0091F98C /* HistoryDao.swift */,
				D5C3FAC31F05747E0059AA90 /* GraphHistoryDao.swift */,
				D5371A731F0A858C00B81A89 /* UnitAddedDao.swift */,
				D5371A751F0A87B800B81A89 /* StartEndTimestampsDao.swift */,
			);
			name = persistence;
			sourceTree = "<group>";
		};
		D5412BC91D286A0000445D6C /* utilities */ = {
			isa = PBXGroup;
			children = (
				D5C3FABD1F0573B50059AA90 /* ResourceList.swift */,
				D5C3FAC11F05741E0059AA90 /* DateUtil.swift */,
				D5958E3B1D29A494004FC6A3 /* SkallMenyBrain.swift */,
				D5958E1E1D29A194004FC6A3 /* AppColors.swift */,
			);
			name = utilities;
			sourceTree = "<group>";
		};
		D5412BCA1D286E9200445D6C /* Drikkevett */ = {
			isa = PBXGroup;
			children = (
				D5ED09F51F051D700091F98C /* guidance */,
				7F850C851D4F562F007B62DB /* status */,
				D5FC66181D492A1E00093F62 /* questionForm */,
				D5412BC91D286A0000445D6C /* utilities */,
				D5412BC81D28640200445D6C /* persistence */,
				D5412BB81D284C2000445D6C /* extensions */,
				D5412BB41D2810D900445D6C /* entities */,
				D5412BC61D28607F00445D6C /* intro */,
				D5412BBF1D285DAF00445D6C /* main */,
				D5958E351D29A430004FC6A3 /* AppDelegate.swift */,
				D5958E851D29A932004FC6A3 /* Main.storyboard */,
				D5958E881D29A93D004FC6A3 /* Main.strings */,
				D5958E8E1D29A99A004FC6A3 /* LaunchScreen.storyboard */,
				D5958E8B1D29A98C004FC6A3 /* LaunchScreen.strings */,
				D5958E911D29A9DF004FC6A3 /* Assets.xcassets */,
				D5958E931D29AA0A004FC6A3 /* Info.plist */,
				D5958E321D29A3DA004FC6A3 /* myCoreDataModel.xcdatamodeld */,
			);
			name = Drikkevett;
			sourceTree = "<group>";
		};
		D5412BCB1D286F6500445D6C /* Frameworks */ = {
			isa = PBXGroup;
			children = (
				D5DB35C21DAAD970001C9413 /* Charts.xcodeproj */,
			);
			name = Frameworks;
			sourceTree = "<group>";
		};
		D5DB35C31DAAD970001C9413 /* Products */ = {
			isa = PBXGroup;
			children = (
				D5DB35C91DAAD970001C9413 /* Charts.framework */,
				D5DB35CB1DAAD970001C9413 /* ChartsRealm.framework */,
				D5DB35CD1DAAD970001C9413 /* ChartsTests.xctest */,
			);
			name = Products;
			sourceTree = "<group>";
		};
		D5E709501F0E4FF600254218 /* newIntro */ = {
			isa = PBXGroup;
			children = (
				D5E709541F0E501E00254218 /* IntroPageViewController.swift */,
			);
			name = newIntro;
			sourceTree = "<group>";
		};
		D5ED09F51F051D700091F98C /* guidance */ = {
			isa = PBXGroup;
			children = (
				D5C3FAAA1F05723B0059AA90 /* GuidanceContentViewController.swift */,
				D5C3FAAB1F05723B0059AA90 /* GuidancePageViewController.swift */,
			);
			name = guidance;
			sourceTree = "<group>";
		};
		D5ED09FD1F05357C0091F98C /* drinkEpisode */ = {
			isa = PBXGroup;
			children = (
				D5371A7F1F0D1B4400B81A89 /* tips */,
				D5371A711F0A7BB000B81A89 /* PlanPartyViewController.swift */,
				D5371A771F0A912500B81A89 /* PartyViewController.swift */,
				D5371A791F0AC46E00B81A89 /* DrinkEpisodeViewController.swift */,
			);
			name = drinkEpisode;
			sourceTree = "<group>";
		};
		D5FC66181D492A1E00093F62 /* questionForm */ = {
			isa = PBXGroup;
			children = (
				D5C3FAB51F05737B0059AA90 /* CountyController.swift */,
				D5C3FAB71F0573880059AA90 /* QuestionController.swift */,
				D5C3FAB91F0573920059AA90 /* FormCell.swift */,
				D5C3FABB1F05739F0059AA90 /* FormController.swift */,
			);
			name = questionForm;
			sourceTree = "<group>";
		};
/* End PBXGroup section */

/* Begin PBXNativeTarget section */
		7FE4E4821C58BD12004465B7 /* Drikkevett */ = {
			isa = PBXNativeTarget;
			buildConfigurationList = 7FE4E4971C58BD12004465B7 /* Build configuration list for PBXNativeTarget "Drikkevett" */;
			buildPhases = (
				7FE4E47F1C58BD12004465B7 /* Sources */,
				7FE4E4801C58BD12004465B7 /* Frameworks */,
				7FE4E4811C58BD12004465B7 /* Resources */,
				7F204A001C86ED8100EB4CE5 /* Embed Frameworks */,
			);
			buildRules = (
			);
			dependencies = (
			);
			name = Drikkevett;
			productName = Skall_Meny;
			productReference = 7FE4E4831C58BD12004465B7 /* Drikkevett.app */;
			productType = "com.apple.product-type.application";
		};
/* End PBXNativeTarget section */

/* Begin PBXProject section */
		7FE4E47B1C58BD12004465B7 /* Project object */ = {
			isa = PBXProject;
			attributes = {
				LastSwiftUpdateCheck = 0730;
				LastUpgradeCheck = 0800;
				ORGANIZATIONNAME = "Lars Petter Kristiansen";
				TargetAttributes = {
					7FE4E4821C58BD12004465B7 = {
						CreatedOnToolsVersion = 7.2;
						DevelopmentTeam = DD7UHAK9R6;
						LastSwiftMigration = 0820;
					};
				};
			};
			buildConfigurationList = 7FE4E47E1C58BD12004465B7 /* Build configuration list for PBXProject "Drikkevett" */;
			compatibilityVersion = "Xcode 3.2";
			developmentRegion = English;
			hasScannedForEncodings = 0;
			knownRegions = (
				Base,
				nb,
			);
			mainGroup = 7FE4E47A1C58BD12004465B7;
			productRefGroup = 7FE4E4841C58BD12004465B7 /* Products */;
			projectDirPath = "";
			projectReferences = (
				{
					ProductGroup = D5DB35C31DAAD970001C9413 /* Products */;
					ProjectRef = D5DB35C21DAAD970001C9413 /* Charts.xcodeproj */;
				},
			);
			projectRoot = "";
			targets = (
				7FE4E4821C58BD12004465B7 /* Drikkevett */,
			);
		};
/* End PBXProject section */

/* Begin PBXReferenceProxy section */
		D5DB35C91DAAD970001C9413 /* Charts.framework */ = {
			isa = PBXReferenceProxy;
			fileType = wrapper.framework;
			path = Charts.framework;
			remoteRef = D5DB35C81DAAD970001C9413 /* PBXContainerItemProxy */;
			sourceTree = BUILT_PRODUCTS_DIR;
		};
		D5DB35CB1DAAD970001C9413 /* ChartsRealm.framework */ = {
			isa = PBXReferenceProxy;
			fileType = wrapper.framework;
			path = ChartsRealm.framework;
			remoteRef = D5DB35CA1DAAD970001C9413 /* PBXContainerItemProxy */;
			sourceTree = BUILT_PRODUCTS_DIR;
		};
		D5DB35CD1DAAD970001C9413 /* ChartsTests.xctest */ = {
			isa = PBXReferenceProxy;
			fileType = wrapper.cfbundle;
			path = ChartsTests.xctest;
			remoteRef = D5DB35CC1DAAD970001C9413 /* PBXContainerItemProxy */;
			sourceTree = BUILT_PRODUCTS_DIR;
		};
/* End PBXReferenceProxy section */

/* Begin PBXResourcesBuildPhase section */
		7FE4E4811C58BD12004465B7 /* Resources */ = {
			isa = PBXResourcesBuildPhase;
			buildActionMask = 2147483647;
			files = (
				D5958E871D29A932004FC6A3 /* Main.storyboard in Resources */,
				D5958E8A1D29A93D004FC6A3 /* Main.strings in Resources */,
				D5958E901D29A99A004FC6A3 /* LaunchScreen.storyboard in Resources */,
				D5958E921D29A9DF004FC6A3 /* Assets.xcassets in Resources */,
				D5958E8D1D29A98C004FC6A3 /* LaunchScreen.strings in Resources */,
			);
			runOnlyForDeploymentPostprocessing = 0;
		};
/* End PBXResourcesBuildPhase section */

/* Begin PBXSourcesBuildPhase section */
		7FE4E47F1C58BD12004465B7 /* Sources */ = {
			isa = PBXSourcesBuildPhase;
			buildActionMask = 2147483647;
			files = (
				D5C3FADC1F0576610059AA90 /* UpdateCostsViewController.swift in Sources */,
				D5958E621D29A6AC004FC6A3 /* InfoDetailViewController.swift in Sources */,
				D5C3FAEC1F0577320059AA90 /* HistoryFormatter.swift in Sources */,
				D52D459E1EF91737008353AB /* RootViewController.swift in Sources */,
				D5C3FAF61F0577620059AA90 /* HistoryViewController.swift in Sources */,
				D5C3FB0A1F0578200059AA90 /* MyScrollVC.swift in Sources */,
				D5958E441D29A513004FC6A3 /* VelkommenViewController.swift in Sources */,
				D5958E2D1D29A29A004FC6A3 /* GraphHistorikk.swift in Sources */,
				D5C3FAB31F0573040059AA90 /* Status.swift in Sources */,
				D5371A781F0A912500B81A89 /* PartyViewController.swift in Sources */,
				D5C3FAE41F0576980059AA90 /* InfoCategoryTableViewController.swift in Sources */,
				D5958E6E1D29A77D004FC6A3 /* MiddleUnitViewController.swift in Sources */,
				D5C3FAC81F0574A00059AA90 /* CoreDataDao.swift in Sources */,
				D5C3FAAD1F05723B0059AA90 /* GuidancePageViewController.swift in Sources */,
				D5C3FAC41F05747E0059AA90 /* GraphHistoryDao.swift in Sources */,
				D5371A6E1F06747100B81A89 /* InnholdViewController.swift in Sources */,
				D5958E6C1D29A73E004FC6A3 /* MainDagenDerpaViewController.swift in Sources */,
				D5C3FAD01F0575F50059AA90 /* PrivacyViewController.swift in Sources */,
				D5958E2B1D29A25A004FC6A3 /* TimeStamp.swift in Sources */,
				D5958E781D29A7C6004FC6A3 /* FirstViewController.swift in Sources */,
				D5958E3C1D29A494004FC6A3 /* SkallMenyBrain.swift in Sources */,
				D5958E2F1D29A2A9004FC6A3 /* Historikk.swift in Sources */,
				D5C3FAEA1F0576ED0059AA90 /* InfoCategoryCell.swift in Sources */,
				D5C3FADE1F0576690059AA90 /* UpdateMaxBacViewController.swift in Sources */,
				D5C3FAFA1F0577910059AA90 /* DayAfterUtils.swift in Sources */,
				D5371A811F0D1B9100B81A89 /* TipsPageViewController.swift in Sources */,
				D5C3FACE1F0575E60059AA90 /* UserInfo.swift in Sources */,
				D5958E3E1D29A4C4004FC6A3 /* CoreDataMethods.swift in Sources */,
				D5958E211D29A21C004FC6A3 /* StringExtension.swift in Sources */,
				D5958E361D29A430004FC6A3 /* AppDelegate.swift in Sources */,
				D5C3FADA1F0576550059AA90 /* UpdateUserSettingsViewController.swift in Sources */,
				D5958E251D29A239004FC6A3 /* TerminatedTimeStamp.swift in Sources */,
				D5371A761F0A87B800B81A89 /* StartEndTimestampsDao.swift in Sources */,
				D5ED09FF1F054B6E0091F98C /* HistoryDao.swift in Sources */,
				D5C3FAC61F0574920059AA90 /* UserDataDao.swift in Sources */,
				D5958E841D29A81F004FC6A3 /* HomeViewController.swift in Sources */,
				D5C3FAC21F05741E0059AA90 /* DateUtil.swift in Sources */,
				D5958E231D29A22D004FC6A3 /* StartEndTimeStamps.swift in Sources */,
				D5C3FACA1F0574E80059AA90 /* DoubleExtension.swift in Sources */,
				D5371A7A1F0AC46E00B81A89 /* DrinkEpisodeViewController.swift in Sources */,
				D5C3FAF81F05776B0059AA90 /* ChartFormatter.swift in Sources */,
				D5C3FAB61F05737B0059AA90 /* CountyController.swift in Sources */,
				D5958E291D29A24E004FC6A3 /* TimeStamp2.swift in Sources */,
				D5958E271D29A243004FC6A3 /* UserData.swift in Sources */,
				D5C3FABC1F05739F0059AA90 /* FormController.swift in Sources */,
				D5C3FACC1F0574F50059AA90 /* UIViewExtension.swift in Sources */,
				D5C3FAF41F0577590059AA90 /* HistoryEntry.swift in Sources */,
				D5C3FAFE1F0577B70059AA90 /* PlanPartyUtils.swift in Sources */,
				D5C3FAEE1F05773B0059AA90 /* HistoryTableViewController.swift in Sources */,
				D5C3FAE81F0576E30059AA90 /* InfoCollectionViewController.swift in Sources */,
				D5C3FABE1F0573B50059AA90 /* ResourceList.swift in Sources */,
				D5958E1F1D29A194004FC6A3 /* AppColors.swift in Sources */,
				D5C3FAF01F0577440059AA90 /* HistoryCell.swift in Sources */,
				D5C3FAD81F05763F0059AA90 /* ContactUsViewController.swift in Sources */,
				D5958E681D29A718004FC6A3 /* HistorikkViewController.swift in Sources */,
				D5958E641D29A701004FC6A3 /* CustomHistorikkCellTableViewCell.swift in Sources */,
				D5C3FB041F0577F60059AA90 /* BacCalcViewController.swift in Sources */,
				D5C3FAD61F0576320059AA90 /* SourcesViewController.swift in Sources */,
				D5371A871F0D845C00B81A89 /* UnitViewController.swift in Sources */,
				D5C3FAAC1F05723B0059AA90 /* GuidanceContentViewController.swift in Sources */,
				D5958E5C1D29A68D004FC6A3 /* webViewController.swift in Sources */,
				D5958E6A1D29A735004FC6A3 /* DagenDerpaViewController.swift in Sources */,
				D5C3FB001F0577C50059AA90 /* UserDefaultUtils.swift in Sources */,
				D5C3FAB41F0573040059AA90 /* StatusUtils.swift in Sources */,
				D5371A701F06748800B81A89 /* GlemteEnheterViewController.swift in Sources */,
				D5C3FABA1F0573920059AA90 /* FormCell.swift in Sources */,
				D5C3FAE21F05768C0059AA90 /* Info.swift in Sources */,
				D5E709551F0E501E00254218 /* IntroPageViewController.swift in Sources */,
				D5C3FAE01F0576860059AA90 /* InfoCategory.swift in Sources */,
				D5958E341D29A3DA004FC6A3 /* myCoreDataModel.xcdatamodeld in Sources */,
				D5C3FAFC1F0577A50059AA90 /* defaultKeys.swift in Sources */,
				D5C3FB061F0578080059AA90 /* SelectDrinkPageViewController.swift in Sources */,
				D5958E4A1D29A53F004FC6A3 /* SettMalViewController.swift in Sources */,
				D5958E701D29A787004FC6A3 /* ChooseUnitViewController.swift in Sources */,
				D5371A7E1F0AC92D00B81A89 /* StatusNew.swift in Sources */,
				D5371A851F0D1BD900B81A89 /* DayAfterViewController.swift in Sources */,
				D5C3FB021F0577CE0059AA90 /* User.swift in Sources */,
				D5958E481D29A531004FC6A3 /* KostnaderViewController.swift in Sources */,
				D5371A721F0A7BB000B81A89 /* PlanPartyViewController.swift in Sources */,
				D5371A6C1F057DF700B81A89 /* HomeViewControllerNew.swift in Sources */,
				D5C3FAB81F0573880059AA90 /* QuestionController.swift in Sources */,
				D5958E461D29A524004FC6A3 /* InformationViewController.swift in Sources */,
				D5C3FAF21F05774E0059AA90 /* CircleView.swift in Sources */,
				D5C3FAE61F0576D60059AA90 /* InfoCell.swift in Sources */,
				D5371A741F0A858C00B81A89 /* UnitAddedDao.swift in Sources */,
			);
			runOnlyForDeploymentPostprocessing = 0;
		};
/* End PBXSourcesBuildPhase section */

/* Begin PBXVariantGroup section */
		D5958E851D29A932004FC6A3 /* Main.storyboard */ = {
			isa = PBXVariantGroup;
			children = (
				D5958E861D29A932004FC6A3 /* Base */,
			);
			name = Main.storyboard;
			sourceTree = "<group>";
		};
		D5958E881D29A93D004FC6A3 /* Main.strings */ = {
			isa = PBXVariantGroup;
			children = (
				D5958E891D29A93D004FC6A3 /* nb */,
			);
			name = Main.strings;
			sourceTree = "<group>";
		};
		D5958E8B1D29A98C004FC6A3 /* LaunchScreen.strings */ = {
			isa = PBXVariantGroup;
			children = (
				D5958E8C1D29A98C004FC6A3 /* nb */,
			);
			name = LaunchScreen.strings;
			sourceTree = "<group>";
		};
		D5958E8E1D29A99A004FC6A3 /* LaunchScreen.storyboard */ = {
			isa = PBXVariantGroup;
			children = (
				D5958E8F1D29A99A004FC6A3 /* Base */,
			);
			name = LaunchScreen.storyboard;
			sourceTree = "<group>";
		};
/* End PBXVariantGroup section */

/* Begin XCBuildConfiguration section */
		7FE4E4951C58BD12004465B7 /* Debug */ = {
			isa = XCBuildConfiguration;
			buildSettings = {
				ALWAYS_SEARCH_USER_PATHS = NO;
				CLANG_CXX_LANGUAGE_STANDARD = "gnu++0x";
				CLANG_CXX_LIBRARY = "libc++";
				CLANG_ENABLE_MODULES = YES;
				CLANG_ENABLE_OBJC_ARC = YES;
				CLANG_WARN_BOOL_CONVERSION = YES;
				CLANG_WARN_CONSTANT_CONVERSION = YES;
				CLANG_WARN_DIRECT_OBJC_ISA_USAGE = YES_ERROR;
				CLANG_WARN_EMPTY_BODY = YES;
				CLANG_WARN_ENUM_CONVERSION = YES;
				CLANG_WARN_INFINITE_RECURSION = YES;
				CLANG_WARN_INT_CONVERSION = YES;
				CLANG_WARN_OBJC_ROOT_CLASS = YES_ERROR;
				CLANG_WARN_SUSPICIOUS_MOVE = YES;
				CLANG_WARN_UNREACHABLE_CODE = YES;
				CLANG_WARN__DUPLICATE_METHOD_MATCH = YES;
				"CODE_SIGN_IDENTITY[sdk=iphoneos*]" = "iPhone Developer";
				COPY_PHASE_STRIP = NO;
				DEBUG_INFORMATION_FORMAT = dwarf;
				ENABLE_STRICT_OBJC_MSGSEND = YES;
				ENABLE_TESTABILITY = YES;
				GCC_C_LANGUAGE_STANDARD = gnu99;
				GCC_DYNAMIC_NO_PIC = NO;
				GCC_NO_COMMON_BLOCKS = YES;
				GCC_OPTIMIZATION_LEVEL = 0;
				GCC_PREPROCESSOR_DEFINITIONS = (
					"DEBUG=1",
					"$(inherited)",
				);
				GCC_WARN_64_TO_32_BIT_CONVERSION = YES;
				GCC_WARN_ABOUT_RETURN_TYPE = YES_ERROR;
				GCC_WARN_UNDECLARED_SELECTOR = YES;
				GCC_WARN_UNINITIALIZED_AUTOS = YES_AGGRESSIVE;
				GCC_WARN_UNUSED_FUNCTION = YES;
				GCC_WARN_UNUSED_VARIABLE = YES;
				IPHONEOS_DEPLOYMENT_TARGET = 9.2;
				MTL_ENABLE_DEBUG_INFO = YES;
				ONLY_ACTIVE_ARCH = YES;
				SDKROOT = iphoneos;
				SWIFT_INSTALL_OBJC_HEADER = YES;
				SWIFT_OPTIMIZATION_LEVEL = "-Onone";
				TARGETED_DEVICE_FAMILY = "1,2";
			};
			name = Debug;
		};
		7FE4E4961C58BD12004465B7 /* Release */ = {
			isa = XCBuildConfiguration;
			buildSettings = {
				ALWAYS_SEARCH_USER_PATHS = NO;
				CLANG_CXX_LANGUAGE_STANDARD = "gnu++0x";
				CLANG_CXX_LIBRARY = "libc++";
				CLANG_ENABLE_MODULES = YES;
				CLANG_ENABLE_OBJC_ARC = YES;
				CLANG_WARN_BOOL_CONVERSION = YES;
				CLANG_WARN_CONSTANT_CONVERSION = YES;
				CLANG_WARN_DIRECT_OBJC_ISA_USAGE = YES_ERROR;
				CLANG_WARN_EMPTY_BODY = YES;
				CLANG_WARN_ENUM_CONVERSION = YES;
				CLANG_WARN_INFINITE_RECURSION = YES;
				CLANG_WARN_INT_CONVERSION = YES;
				CLANG_WARN_OBJC_ROOT_CLASS = YES_ERROR;
				CLANG_WARN_SUSPICIOUS_MOVE = YES;
				CLANG_WARN_UNREACHABLE_CODE = YES;
				CLANG_WARN__DUPLICATE_METHOD_MATCH = YES;
				"CODE_SIGN_IDENTITY[sdk=iphoneos*]" = "iPhone Developer";
				COPY_PHASE_STRIP = NO;
				DEBUG_INFORMATION_FORMAT = "dwarf-with-dsym";
				ENABLE_NS_ASSERTIONS = NO;
				ENABLE_STRICT_OBJC_MSGSEND = YES;
				GCC_C_LANGUAGE_STANDARD = gnu99;
				GCC_NO_COMMON_BLOCKS = YES;
				GCC_WARN_64_TO_32_BIT_CONVERSION = YES;
				GCC_WARN_ABOUT_RETURN_TYPE = YES_ERROR;
				GCC_WARN_UNDECLARED_SELECTOR = YES;
				GCC_WARN_UNINITIALIZED_AUTOS = YES_AGGRESSIVE;
				GCC_WARN_UNUSED_FUNCTION = YES;
				GCC_WARN_UNUSED_VARIABLE = YES;
				IPHONEOS_DEPLOYMENT_TARGET = 9.2;
				MTL_ENABLE_DEBUG_INFO = NO;
				SDKROOT = iphoneos;
				SWIFT_INSTALL_OBJC_HEADER = YES;
				SWIFT_OPTIMIZATION_LEVEL = "-Owholemodule";
				TARGETED_DEVICE_FAMILY = "1,2";
				VALIDATE_PRODUCT = NO;
			};
			name = Release;
		};
		7FE4E4981C58BD12004465B7 /* Debug */ = {
			isa = XCBuildConfiguration;
			buildSettings = {
				ALWAYS_EMBED_SWIFT_STANDARD_LIBRARIES = YES;
				ASSETCATALOG_COMPILER_APPICON_NAME = AppIcon;
				CLANG_ENABLE_MODULES = YES;
				CODE_SIGN_IDENTITY = "iPhone Developer";
				"CODE_SIGN_IDENTITY[sdk=iphoneos*]" = "iPhone Developer";
				DEVELOPMENT_TEAM = DD7UHAK9R6;
				INFOPLIST_FILE = "$(SRCROOT)/Drikkevett/Info.plist";
				IPHONEOS_DEPLOYMENT_TARGET = 8.1;
				LD_RUNPATH_SEARCH_PATHS = "$(inherited) @executable_path/Frameworks";
				PRODUCT_BUNDLE_IDENTIFIER = no.rustelefonen.Drikkevett;
				PRODUCT_NAME = Drikkevett;
				PROVISIONING_PROFILE = "";
				SWIFT_INSTALL_OBJC_HEADER = YES;
				SWIFT_OBJC_BRIDGING_HEADER = "";
				SWIFT_OPTIMIZATION_LEVEL = "-Onone";
				SWIFT_VERSION = 3.0;
				TARGETED_DEVICE_FAMILY = 1;
			};
			name = Debug;
		};
		7FE4E4991C58BD12004465B7 /* Release */ = {
			isa = XCBuildConfiguration;
			buildSettings = {
				ALWAYS_EMBED_SWIFT_STANDARD_LIBRARIES = YES;
				ASSETCATALOG_COMPILER_APPICON_NAME = AppIcon;
				CLANG_ENABLE_MODULES = YES;
				CODE_SIGN_IDENTITY = "iPhone Developer";
				"CODE_SIGN_IDENTITY[sdk=iphoneos*]" = "iPhone Developer";
				DEVELOPMENT_TEAM = DD7UHAK9R6;
				INFOPLIST_FILE = "$(SRCROOT)/Drikkevett/Info.plist";
				IPHONEOS_DEPLOYMENT_TARGET = 8.1;
				LD_RUNPATH_SEARCH_PATHS = "$(inherited) @executable_path/Frameworks";
				PRODUCT_BUNDLE_IDENTIFIER = no.rustelefonen.Drikkevett;
				PRODUCT_NAME = Drikkevett;
				PROVISIONING_PROFILE = "";
				SWIFT_INSTALL_OBJC_HEADER = YES;
				SWIFT_OBJC_BRIDGING_HEADER = "";
				SWIFT_VERSION = 3.0;
				TARGETED_DEVICE_FAMILY = 1;
			};
			name = Release;
		};
/* End XCBuildConfiguration section */

/* Begin XCConfigurationList section */
		7FE4E47E1C58BD12004465B7 /* Build configuration list for PBXProject "Drikkevett" */ = {
			isa = XCConfigurationList;
			buildConfigurations = (
				7FE4E4951C58BD12004465B7 /* Debug */,
				7FE4E4961C58BD12004465B7 /* Release */,
			);
			defaultConfigurationIsVisible = 0;
			defaultConfigurationName = Release;
		};
		7FE4E4971C58BD12004465B7 /* Build configuration list for PBXNativeTarget "Drikkevett" */ = {
			isa = XCConfigurationList;
			buildConfigurations = (
				7FE4E4981C58BD12004465B7 /* Debug */,
				7FE4E4991C58BD12004465B7 /* Release */,
			);
			defaultConfigurationIsVisible = 0;
			defaultConfigurationName = Release;
		};
/* End XCConfigurationList section */

/* Begin XCVersionGroup section */
		D5958E321D29A3DA004FC6A3 /* myCoreDataModel.xcdatamodeld */ = {
			isa = XCVersionGroup;
			children = (
				D5958E331D29A3DA004FC6A3 /* myCoreDataModel.xcdatamodel */,
			);
			currentVersion = D5958E331D29A3DA004FC6A3 /* myCoreDataModel.xcdatamodel */;
			path = myCoreDataModel.xcdatamodeld;
			sourceTree = "<group>";
			versionGroupType = wrapper.xcdatamodel;
		};
/* End XCVersionGroup section */
	};
	rootObject = 7FE4E47B1C58BD12004465B7 /* Project object */;
}
